// !$*UTF8*$!
{
	archiveVersion = 1;
	classes = {
	};
	objectVersion = 56;
	objects = {

/* Begin PBXBuildFile section */
		434EE0A928EC49B500591830 /* App.swift in Sources */ = {isa = PBXBuildFile; fileRef = 434EE0A828EC49B500591830 /* App.swift */; };
		434EE0AB28EC49B500591830 /* RootView.swift in Sources */ = {isa = PBXBuildFile; fileRef = 434EE0AA28EC49B500591830 /* RootView.swift */; };
		434EE0AD28EC49B700591830 /* Assets.xcassets in Resources */ = {isa = PBXBuildFile; fileRef = 434EE0AC28EC49B700591830 /* Assets.xcassets */; };
		434EE0B028EC49B700591830 /* Preview Assets.xcassets in Resources */ = {isa = PBXBuildFile; fileRef = 434EE0AF28EC49B700591830 /* Preview Assets.xcassets */; };
		434EE0B928EC4BDC00591830 /* UserDefaults+AppPrefs.swift in Sources */ = {isa = PBXBuildFile; fileRef = 434EE0B828EC4BDC00591830 /* UserDefaults+AppPrefs.swift */; };
		434EE0BB28EC4C8600591830 /* GemocardSDK.swift in Sources */ = {isa = PBXBuildFile; fileRef = 434EE0BA28EC4C8600591830 /* GemocardSDK.swift */; };
		436ADB9928F06F3A003361E7 /* GetECGController.swift in Sources */ = {isa = PBXBuildFile; fileRef = 436ADB9828F06F3A003361E7 /* GetECGController.swift */; };
		436ADB9B28F06FA5003361E7 /* AsyncQueue.swift in Sources */ = {isa = PBXBuildFile; fileRef = 436ADB9A28F06FA5003361E7 /* AsyncQueue.swift */; };
		436ADB9D28F0819F003361E7 /* Models.swift in Sources */ = {isa = PBXBuildFile; fileRef = 436ADB9C28F0819F003361E7 /* Models.swift */; };
		43E0E66C28EDAF3B0010A363 /* GemocardKit.swift in Sources */ = {isa = PBXBuildFile; fileRef = 43E0E66B28EDAF3B0010A363 /* GemocardKit.swift */; };
		43E0E66E28EDB2360010A363 /* MainView.swift in Sources */ = {isa = PBXBuildFile; fileRef = 43E0E66D28EDB2360010A363 /* MainView.swift */; };
		43E0E67128EDD52D0010A363 /* DataSerializer.swift in Sources */ = {isa = PBXBuildFile; fileRef = 43E0E67028EDD52D0010A363 /* DataSerializer.swift */; };
		43E0E67328EDDA4F0010A363 /* Data+.swift in Sources */ = {isa = PBXBuildFile; fileRef = 43E0E67228EDDA4F0010A363 /* Data+.swift */; };
		43E0E67828EEDC410010A363 /* GemocardDeviceController.swift in Sources */ = {isa = PBXBuildFile; fileRef = 43E0E67728EEDC410010A363 /* GemocardDeviceController.swift */; };
		43E0E67A28EF35DD0010A363 /* ComplitionType.swift in Sources */ = {isa = PBXBuildFile; fileRef = 43E0E67928EF35DD0010A363 /* ComplitionType.swift */; };
/* End PBXBuildFile section */

/* Begin PBXFileReference section */
		434EE0A528EC49B500591830 /* Medsenger Gemocard.app */ = {isa = PBXFileReference; explicitFileType = wrapper.application; includeInIndex = 0; path = "Medsenger Gemocard.app"; sourceTree = BUILT_PRODUCTS_DIR; };
		434EE0A828EC49B500591830 /* App.swift */ = {isa = PBXFileReference; lastKnownFileType = sourcecode.swift; path = App.swift; sourceTree = "<group>"; };
		434EE0AA28EC49B500591830 /* RootView.swift */ = {isa = PBXFileReference; lastKnownFileType = sourcecode.swift; path = RootView.swift; sourceTree = "<group>"; };
		434EE0AC28EC49B700591830 /* Assets.xcassets */ = {isa = PBXFileReference; lastKnownFileType = folder.assetcatalog; path = Assets.xcassets; sourceTree = "<group>"; };
		434EE0AF28EC49B700591830 /* Preview Assets.xcassets */ = {isa = PBXFileReference; lastKnownFileType = folder.assetcatalog; path = "Preview Assets.xcassets"; sourceTree = "<group>"; };
		434EE0B828EC4BDC00591830 /* UserDefaults+AppPrefs.swift */ = {isa = PBXFileReference; lastKnownFileType = sourcecode.swift; path = "UserDefaults+AppPrefs.swift"; sourceTree = "<group>"; };
		434EE0BA28EC4C8600591830 /* GemocardSDK.swift */ = {isa = PBXFileReference; lastKnownFileType = sourcecode.swift; path = GemocardSDK.swift; sourceTree = "<group>"; };
		436ADB9828F06F3A003361E7 /* GetECGController.swift */ = {isa = PBXFileReference; lastKnownFileType = sourcecode.swift; path = GetECGController.swift; sourceTree = "<group>"; };
		436ADB9A28F06FA5003361E7 /* AsyncQueue.swift */ = {isa = PBXFileReference; lastKnownFileType = sourcecode.swift; path = AsyncQueue.swift; sourceTree = "<group>"; };
		436ADB9C28F0819F003361E7 /* Models.swift */ = {isa = PBXFileReference; lastKnownFileType = sourcecode.swift; path = Models.swift; sourceTree = "<group>"; };
		43E0E66B28EDAF3B0010A363 /* GemocardKit.swift */ = {isa = PBXFileReference; lastKnownFileType = sourcecode.swift; path = GemocardKit.swift; sourceTree = "<group>"; };
		43E0E66D28EDB2360010A363 /* MainView.swift */ = {isa = PBXFileReference; lastKnownFileType = sourcecode.swift; path = MainView.swift; sourceTree = "<group>"; };
		43E0E66F28EDB4360010A363 /* Medsenger-Gemocard-Info.plist */ = {isa = PBXFileReference; lastKnownFileType = text.plist; path = "Medsenger-Gemocard-Info.plist"; sourceTree = "<group>"; };
		43E0E67028EDD52D0010A363 /* DataSerializer.swift */ = {isa = PBXFileReference; lastKnownFileType = sourcecode.swift; path = DataSerializer.swift; sourceTree = "<group>"; };
		43E0E67228EDDA4F0010A363 /* Data+.swift */ = {isa = PBXFileReference; lastKnownFileType = sourcecode.swift; path = "Data+.swift"; sourceTree = "<group>"; };
		43E0E67428EE0A260010A363 /* README.md */ = {isa = PBXFileReference; lastKnownFileType = net.daringfireball.markdown; path = README.md; sourceTree = "<group>"; };
		43E0E67728EEDC410010A363 /* GemocardDeviceController.swift */ = {isa = PBXFileReference; lastKnownFileType = sourcecode.swift; path = GemocardDeviceController.swift; sourceTree = "<group>"; };
		43E0E67928EF35DD0010A363 /* ComplitionType.swift */ = {isa = PBXFileReference; lastKnownFileType = sourcecode.swift; path = ComplitionType.swift; sourceTree = "<group>"; };
/* End PBXFileReference section */

/* Begin PBXFrameworksBuildPhase section */
		434EE0A228EC49B500591830 /* Frameworks */ = {
			isa = PBXFrameworksBuildPhase;
			buildActionMask = 2147483647;
			files = (
			);
			runOnlyForDeploymentPostprocessing = 0;
		};
/* End PBXFrameworksBuildPhase section */

/* Begin PBXGroup section */
		434EE09C28EC49B500591830 = {
			isa = PBXGroup;
			children = (
				43E0E67428EE0A260010A363 /* README.md */,
				43E0E66F28EDB4360010A363 /* Medsenger-Gemocard-Info.plist */,
				434EE0A728EC49B500591830 /* App */,
				434EE0A628EC49B500591830 /* Products */,
			);
			sourceTree = "<group>";
		};
		434EE0A628EC49B500591830 /* Products */ = {
			isa = PBXGroup;
			children = (
				434EE0A528EC49B500591830 /* Medsenger Gemocard.app */,
			);
			name = Products;
			sourceTree = "<group>";
		};
		434EE0A728EC49B500591830 /* App */ = {
			isa = PBXGroup;
			children = (
				434EE0B728EC4BC600591830 /* Utils */,
				434EE0B628EC4BAD00591830 /* GemocardSDK */,
				434EE0A828EC49B500591830 /* App.swift */,
				434EE0AA28EC49B500591830 /* RootView.swift */,
				434EE0AC28EC49B700591830 /* Assets.xcassets */,
				434EE0AE28EC49B700591830 /* Preview Content */,
				43E0E66B28EDAF3B0010A363 /* GemocardKit.swift */,
				43E0E66D28EDB2360010A363 /* MainView.swift */,
			);
			path = App;
			sourceTree = "<group>";
		};
		434EE0AE28EC49B700591830 /* Preview Content */ = {
			isa = PBXGroup;
			children = (
				434EE0AF28EC49B700591830 /* Preview Assets.xcassets */,
			);
			path = "Preview Content";
			sourceTree = "<group>";
		};
		434EE0B628EC4BAD00591830 /* GemocardSDK */ = {
			isa = PBXGroup;
			children = (
				434EE0BA28EC4C8600591830 /* GemocardSDK.swift */,
				43E0E67028EDD52D0010A363 /* DataSerializer.swift */,
				43E0E67728EEDC410010A363 /* GemocardDeviceController.swift */,
				43E0E67928EF35DD0010A363 /* ComplitionType.swift */,
				436ADB9828F06F3A003361E7 /* GetECGController.swift */,
				436ADB9A28F06FA5003361E7 /* AsyncQueue.swift */,
				436ADB9C28F0819F003361E7 /* Models.swift */,
			);
			path = GemocardSDK;
			sourceTree = "<group>";
		};
		434EE0B728EC4BC600591830 /* Utils */ = {
			isa = PBXGroup;
			children = (
				434EE0B828EC4BDC00591830 /* UserDefaults+AppPrefs.swift */,
				43E0E67228EDDA4F0010A363 /* Data+.swift */,
			);
			path = Utils;
			sourceTree = "<group>";
		};
/* End PBXGroup section */

/* Begin PBXNativeTarget section */
		434EE0A428EC49B500591830 /* Medsenger Gemocard */ = {
			isa = PBXNativeTarget;
			buildConfigurationList = 434EE0B328EC49B700591830 /* Build configuration list for PBXNativeTarget "Medsenger Gemocard" */;
			buildPhases = (
				434EE0A128EC49B500591830 /* Sources */,
				434EE0A228EC49B500591830 /* Frameworks */,
				434EE0A328EC49B500591830 /* Resources */,
			);
			buildRules = (
			);
			dependencies = (
			);
			name = "Medsenger Gemocard";
			productName = "Medsenger Gemocard";
			productReference = 434EE0A528EC49B500591830 /* Medsenger Gemocard.app */;
			productType = "com.apple.product-type.application";
		};
/* End PBXNativeTarget section */

/* Begin PBXProject section */
		434EE09D28EC49B500591830 /* Project object */ = {
			isa = PBXProject;
			attributes = {
				BuildIndependentTargetsInParallel = 1;
				LastSwiftUpdateCheck = 1400;
				LastUpgradeCheck = 1400;
				ORGANIZATIONNAME = "OOO Telepat";
				TargetAttributes = {
					434EE0A428EC49B500591830 = {
						CreatedOnToolsVersion = 14.0.1;
					};
				};
			};
			buildConfigurationList = 434EE0A028EC49B500591830 /* Build configuration list for PBXProject "Medsenger Gemocard" */;
			compatibilityVersion = "Xcode 14.0";
			developmentRegion = en;
			hasScannedForEncodings = 0;
			knownRegions = (
				en,
				Base,
			);
			mainGroup = 434EE09C28EC49B500591830;
			productRefGroup = 434EE0A628EC49B500591830 /* Products */;
			projectDirPath = "";
			projectRoot = "";
			targets = (
				434EE0A428EC49B500591830 /* Medsenger Gemocard */,
			);
		};
/* End PBXProject section */

/* Begin PBXResourcesBuildPhase section */
		434EE0A328EC49B500591830 /* Resources */ = {
			isa = PBXResourcesBuildPhase;
			buildActionMask = 2147483647;
			files = (
				434EE0B028EC49B700591830 /* Preview Assets.xcassets in Resources */,
				434EE0AD28EC49B700591830 /* Assets.xcassets in Resources */,
			);
			runOnlyForDeploymentPostprocessing = 0;
		};
/* End PBXResourcesBuildPhase section */

/* Begin PBXSourcesBuildPhase section */
		434EE0A128EC49B500591830 /* Sources */ = {
			isa = PBXSourcesBuildPhase;
			buildActionMask = 2147483647;
			files = (
				436ADB9928F06F3A003361E7 /* GetECGController.swift in Sources */,
				43E0E67828EEDC410010A363 /* GemocardDeviceController.swift in Sources */,
				43E0E67A28EF35DD0010A363 /* ComplitionType.swift in Sources */,
				434EE0BB28EC4C8600591830 /* GemocardSDK.swift in Sources */,
				43E0E66E28EDB2360010A363 /* MainView.swift in Sources */,
				43E0E66C28EDAF3B0010A363 /* GemocardKit.swift in Sources */,
				436ADB9D28F0819F003361E7 /* Models.swift in Sources */,
				436ADB9B28F06FA5003361E7 /* AsyncQueue.swift in Sources */,
				43E0E67328EDDA4F0010A363 /* Data+.swift in Sources */,
				434EE0B928EC4BDC00591830 /* UserDefaults+AppPrefs.swift in Sources */,
				434EE0AB28EC49B500591830 /* RootView.swift in Sources */,
				434EE0A928EC49B500591830 /* App.swift in Sources */,
				43E0E67128EDD52D0010A363 /* DataSerializer.swift in Sources */,
			);
			runOnlyForDeploymentPostprocessing = 0;
		};
/* End PBXSourcesBuildPhase section */

/* Begin XCBuildConfiguration section */
		434EE0B128EC49B700591830 /* Debug */ = {
			isa = XCBuildConfiguration;
			buildSettings = {
				ALWAYS_SEARCH_USER_PATHS = NO;
				CLANG_ANALYZER_NONNULL = YES;
				CLANG_ANALYZER_NUMBER_OBJECT_CONVERSION = YES_AGGRESSIVE;
				CLANG_CXX_LANGUAGE_STANDARD = "gnu++20";
				CLANG_ENABLE_MODULES = YES;
				CLANG_ENABLE_OBJC_ARC = YES;
				CLANG_ENABLE_OBJC_WEAK = YES;
				CLANG_WARN_BLOCK_CAPTURE_AUTORELEASING = YES;
				CLANG_WARN_BOOL_CONVERSION = YES;
				CLANG_WARN_COMMA = YES;
				CLANG_WARN_CONSTANT_CONVERSION = YES;
				CLANG_WARN_DEPRECATED_OBJC_IMPLEMENTATIONS = YES;
				CLANG_WARN_DIRECT_OBJC_ISA_USAGE = YES_ERROR;
				CLANG_WARN_DOCUMENTATION_COMMENTS = YES;
				CLANG_WARN_EMPTY_BODY = YES;
				CLANG_WARN_ENUM_CONVERSION = YES;
				CLANG_WARN_INFINITE_RECURSION = YES;
				CLANG_WARN_INT_CONVERSION = YES;
				CLANG_WARN_NON_LITERAL_NULL_CONVERSION = YES;
				CLANG_WARN_OBJC_IMPLICIT_RETAIN_SELF = YES;
				CLANG_WARN_OBJC_LITERAL_CONVERSION = YES;
				CLANG_WARN_OBJC_ROOT_CLASS = YES_ERROR;
				CLANG_WARN_QUOTED_INCLUDE_IN_FRAMEWORK_HEADER = YES;
				CLANG_WARN_RANGE_LOOP_ANALYSIS = YES;
				CLANG_WARN_STRICT_PROTOTYPES = YES;
				CLANG_WARN_SUSPICIOUS_MOVE = YES;
				CLANG_WARN_UNGUARDED_AVAILABILITY = YES_AGGRESSIVE;
				CLANG_WARN_UNREACHABLE_CODE = YES;
				CLANG_WARN__DUPLICATE_METHOD_MATCH = YES;
				COPY_PHASE_STRIP = NO;
				DEBUG_INFORMATION_FORMAT = dwarf;
				ENABLE_STRICT_OBJC_MSGSEND = YES;
				ENABLE_TESTABILITY = YES;
				GCC_C_LANGUAGE_STANDARD = gnu11;
				GCC_DYNAMIC_NO_PIC = NO;
				GCC_NO_COMMON_BLOCKS = YES;
				GCC_OPTIMIZATION_LEVEL = 0;
				GCC_PREPROCESSOR_DEFINITIONS = (
					"DEBUG=1",
					"$(inherited)",
				);
				GCC_WARN_64_TO_32_BIT_CONVERSION = YES;
				GCC_WARN_ABOUT_RETURN_TYPE = YES_ERROR;
				GCC_WARN_UNDECLARED_SELECTOR = YES;
				GCC_WARN_UNINITIALIZED_AUTOS = YES_AGGRESSIVE;
				GCC_WARN_UNUSED_FUNCTION = YES;
				GCC_WARN_UNUSED_VARIABLE = YES;
				IPHONEOS_DEPLOYMENT_TARGET = 16.0;
				MTL_ENABLE_DEBUG_INFO = INCLUDE_SOURCE;
				MTL_FAST_MATH = YES;
				ONLY_ACTIVE_ARCH = YES;
				SDKROOT = iphoneos;
				SWIFT_ACTIVE_COMPILATION_CONDITIONS = DEBUG;
				SWIFT_OPTIMIZATION_LEVEL = "-Onone";
			};
			name = Debug;
		};
		434EE0B228EC49B700591830 /* Release */ = {
			isa = XCBuildConfiguration;
			buildSettings = {
				ALWAYS_SEARCH_USER_PATHS = NO;
				CLANG_ANALYZER_NONNULL = YES;
				CLANG_ANALYZER_NUMBER_OBJECT_CONVERSION = YES_AGGRESSIVE;
				CLANG_CXX_LANGUAGE_STANDARD = "gnu++20";
				CLANG_ENABLE_MODULES = YES;
				CLANG_ENABLE_OBJC_ARC = YES;
				CLANG_ENABLE_OBJC_WEAK = YES;
				CLANG_WARN_BLOCK_CAPTURE_AUTORELEASING = YES;
				CLANG_WARN_BOOL_CONVERSION = YES;
				CLANG_WARN_COMMA = YES;
				CLANG_WARN_CONSTANT_CONVERSION = YES;
				CLANG_WARN_DEPRECATED_OBJC_IMPLEMENTATIONS = YES;
				CLANG_WARN_DIRECT_OBJC_ISA_USAGE = YES_ERROR;
				CLANG_WARN_DOCUMENTATION_COMMENTS = YES;
				CLANG_WARN_EMPTY_BODY = YES;
				CLANG_WARN_ENUM_CONVERSION = YES;
				CLANG_WARN_INFINITE_RECURSION = YES;
				CLANG_WARN_INT_CONVERSION = YES;
				CLANG_WARN_NON_LITERAL_NULL_CONVERSION = YES;
				CLANG_WARN_OBJC_IMPLICIT_RETAIN_SELF = YES;
				CLANG_WARN_OBJC_LITERAL_CONVERSION = YES;
				CLANG_WARN_OBJC_ROOT_CLASS = YES_ERROR;
				CLANG_WARN_QUOTED_INCLUDE_IN_FRAMEWORK_HEADER = YES;
				CLANG_WARN_RANGE_LOOP_ANALYSIS = YES;
				CLANG_WARN_STRICT_PROTOTYPES = YES;
				CLANG_WARN_SUSPICIOUS_MOVE = YES;
				CLANG_WARN_UNGUARDED_AVAILABILITY = YES_AGGRESSIVE;
				CLANG_WARN_UNREACHABLE_CODE = YES;
				CLANG_WARN__DUPLICATE_METHOD_MATCH = YES;
				COPY_PHASE_STRIP = NO;
				DEBUG_INFORMATION_FORMAT = "dwarf-with-dsym";
				ENABLE_NS_ASSERTIONS = NO;
				ENABLE_STRICT_OBJC_MSGSEND = YES;
				GCC_C_LANGUAGE_STANDARD = gnu11;
				GCC_NO_COMMON_BLOCKS = YES;
				GCC_WARN_64_TO_32_BIT_CONVERSION = YES;
				GCC_WARN_ABOUT_RETURN_TYPE = YES_ERROR;
				GCC_WARN_UNDECLARED_SELECTOR = YES;
				GCC_WARN_UNINITIALIZED_AUTOS = YES_AGGRESSIVE;
				GCC_WARN_UNUSED_FUNCTION = YES;
				GCC_WARN_UNUSED_VARIABLE = YES;
				IPHONEOS_DEPLOYMENT_TARGET = 16.0;
				MTL_ENABLE_DEBUG_INFO = NO;
				MTL_FAST_MATH = YES;
				SDKROOT = iphoneos;
				SWIFT_COMPILATION_MODE = wholemodule;
				SWIFT_OPTIMIZATION_LEVEL = "-O";
				VALIDATE_PRODUCT = YES;
			};
			name = Release;
		};
		434EE0B428EC49B700591830 /* Debug */ = {
			isa = XCBuildConfiguration;
			buildSettings = {
				ASSETCATALOG_COMPILER_APPICON_NAME = AppIcon;
				ASSETCATALOG_COMPILER_GLOBAL_ACCENT_COLOR_NAME = AccentColor;
				CODE_SIGN_STYLE = Automatic;
				CURRENT_PROJECT_VERSION = 1;
				DEVELOPMENT_ASSET_PATHS = "\"App/Preview Content\"";
				DEVELOPMENT_TEAM = CRF22TKXX5;
				ENABLE_PREVIEWS = YES;
				GENERATE_INFOPLIST_FILE = YES;
				INFOPLIST_FILE = "Medsenger-Gemocard-Info.plist";
				INFOPLIST_KEY_CFBundleDisplayName = "Medsenger Gemocard";
				INFOPLIST_KEY_LSApplicationCategoryType = "public.app-category.medical";
				INFOPLIST_KEY_NSBluetoothAlwaysUsageDescription = "App uses Bluetooth to connect to Gemocard";
				INFOPLIST_KEY_UIApplicationSceneManifest_Generation = YES;
				INFOPLIST_KEY_UIApplicationSupportsIndirectInputEvents = YES;
				INFOPLIST_KEY_UILaunchScreen_Generation = YES;
				INFOPLIST_KEY_UISupportedInterfaceOrientations = UIInterfaceOrientationPortrait;
				INFOPLIST_KEY_UISupportedInterfaceOrientations_iPad = "UIInterfaceOrientationLandscapeLeft UIInterfaceOrientationLandscapeRight UIInterfaceOrientationPortrait UIInterfaceOrientationPortraitUpsideDown";
				IPHONEOS_DEPLOYMENT_TARGET = 14.0;
				LD_RUNPATH_SEARCH_PATHS = (
					"$(inherited)",
					"@executable_path/Frameworks",
				);
				MARKETING_VERSION = 1.0.0;
				PRODUCT_BUNDLE_IDENTIFIER = ru.medsenger.gemocard;
				PRODUCT_NAME = "$(TARGET_NAME)";
				SWIFT_EMIT_LOC_STRINGS = YES;
				SWIFT_VERSION = 5.0;
				TARGETED_DEVICE_FAMILY = "1,2";
			};
			name = Debug;
		};
		434EE0B528EC49B700591830 /* Release */ = {
			isa = XCBuildConfiguration;
			buildSettings = {
				ASSETCATALOG_COMPILER_APPICON_NAME = AppIcon;
				ASSETCATALOG_COMPILER_GLOBAL_ACCENT_COLOR_NAME = AccentColor;
				CODE_SIGN_STYLE = Automatic;
				CURRENT_PROJECT_VERSION = 1;
				DEVELOPMENT_ASSET_PATHS = "\"App/Preview Content\"";
				DEVELOPMENT_TEAM = CRF22TKXX5;
				ENABLE_PREVIEWS = YES;
				GENERATE_INFOPLIST_FILE = YES;
				INFOPLIST_FILE = "Medsenger-Gemocard-Info.plist";
				INFOPLIST_KEY_CFBundleDisplayName = "Medsenger Gemocard";
				INFOPLIST_KEY_LSApplicationCategoryType = "public.app-category.medical";
				INFOPLIST_KEY_NSBluetoothAlwaysUsageDescription = "App uses Bluetooth to connect to Gemocard";
				INFOPLIST_KEY_UIApplicationSceneManifest_Generation = YES;
				INFOPLIST_KEY_UIApplicationSupportsIndirectInputEvents = YES;
				INFOPLIST_KEY_UILaunchScreen_Generation = YES;
				INFOPLIST_KEY_UISupportedInterfaceOrientations = UIInterfaceOrientationPortrait;
				INFOPLIST_KEY_UISupportedInterfaceOrientations_iPad = "UIInterfaceOrientationLandscapeLeft UIInterfaceOrientationLandscapeRight UIInterfaceOrientationPortrait UIInterfaceOrientationPortraitUpsideDown";
				IPHONEOS_DEPLOYMENT_TARGET = 14.0;
				LD_RUNPATH_SEARCH_PATHS = (
					"$(inherited)",
					"@executable_path/Frameworks",
				);
				MARKETING_VERSION = 1.0.0;
				PRODUCT_BUNDLE_IDENTIFIER = ru.medsenger.gemocard;
				PRODUCT_NAME = "$(TARGET_NAME)";
				SWIFT_EMIT_LOC_STRINGS = YES;
				SWIFT_VERSION = 5.0;
				TARGETED_DEVICE_FAMILY = "1,2";
			};
			name = Release;
		};
/* End XCBuildConfiguration section */

/* Begin XCConfigurationList section */
		434EE0A028EC49B500591830 /* Build configuration list for PBXProject "Medsenger Gemocard" */ = {
			isa = XCConfigurationList;
			buildConfigurations = (
				434EE0B128EC49B700591830 /* Debug */,
				434EE0B228EC49B700591830 /* Release */,
			);
			defaultConfigurationIsVisible = 0;
			defaultConfigurationName = Release;
		};
		434EE0B328EC49B700591830 /* Build configuration list for PBXNativeTarget "Medsenger Gemocard" */ = {
			isa = XCConfigurationList;
			buildConfigurations = (
				434EE0B428EC49B700591830 /* Debug */,
				434EE0B528EC49B700591830 /* Release */,
			);
			defaultConfigurationIsVisible = 0;
			defaultConfigurationName = Release;
		};
/* End XCConfigurationList section */
	};
	rootObject = 434EE09D28EC49B500591830 /* Project object */;
}
